
Microsoft Visual Studio Solution File, Format Version 10.00
# Visual Studio 2008
Project("{FAE04EC0-301F-11D3-BF4B-00C04F79EFBC}") = "KONT_4", "KONT_4\KONT_4.csproj", "{FD0BAC4A-CDCE-40CE-B7CD-7E327695C297}"
EndProject
Global
	GlobalSection(SolutionConfigurationPlatforms) = preSolution
		Debug|Any CPU = Debug|Any CPU
		Release|Any CPU = Release|Any CPU
	EndGlobalSection
	GlobalSection(ProjectConfigurationPlatforms) = postSolution
		{FD0BAC4A-CDCE-40CE-B7CD-7E327695C297}.Debug|Any CPU.ActiveCfg = Debug|Any CPU
		{FD0BAC4A-CDCE-40CE-B7CD-7E327695C297}.Debug|Any CPU.Build.0 = Debug|Any CPU
		{FD0BAC4A-CDCE-40CE-B7CD-7E327695C297}.Release|Any CPU.ActiveCfg = Release|Any CPU
		{FD0BAC4A-CDCE-40CE-B7CD-7E327695C297}.Release|Any CPU.Build.0 = Release|Any CPU
	EndGlobalSection
	GlobalSection(SolutionProperties) = preSolution
		HideSolutionNode = FALSE
	EndGlobalSection
EndGlobal
