
Microsoft Visual Studio Solution File, Format Version 10.00
# Visual Studio 2008
Project("{FAE04EC0-301F-11D3-BF4B-00C04F79EFBC}") = "CA_PZ_7_2", "CA_PZ_7_2\CA_PZ_7_2.csproj", "{CEFE820B-D180-4833-B0A8-EEF1A5FBFF88}"
EndProject
Global
	GlobalSection(SolutionConfigurationPlatforms) = preSolution
		Debug|Any CPU = Debug|Any CPU
		Release|Any CPU = Release|Any CPU
	EndGlobalSection
	GlobalSection(ProjectConfigurationPlatforms) = postSolution
		{CEFE820B-D180-4833-B0A8-EEF1A5FBFF88}.Debug|Any CPU.ActiveCfg = Debug|Any CPU
		{CEFE820B-D180-4833-B0A8-EEF1A5FBFF88}.Debug|Any CPU.Build.0 = Debug|Any CPU
		{CEFE820B-D180-4833-B0A8-EEF1A5FBFF88}.Release|Any CPU.ActiveCfg = Release|Any CPU
		{CEFE820B-D180-4833-B0A8-EEF1A5FBFF88}.Release|Any CPU.Build.0 = Release|Any CPU
	EndGlobalSection
	GlobalSection(SolutionProperties) = preSolution
		HideSolutionNode = FALSE
	EndGlobalSection
EndGlobal
