
Microsoft Visual Studio Solution File, Format Version 10.00
# Visual Studio 2008
Project("{FAE04EC0-301F-11D3-BF4B-00C04F79EFBC}") = "CA_PZ_10_1", "CA_PZ_10_1\CA_PZ_10_1.csproj", "{F1563519-3795-492F-87CD-4650AD8A92EF}"
EndProject
Global
	GlobalSection(SolutionConfigurationPlatforms) = preSolution
		Debug|Any CPU = Debug|Any CPU
		Release|Any CPU = Release|Any CPU
	EndGlobalSection
	GlobalSection(ProjectConfigurationPlatforms) = postSolution
		{F1563519-3795-492F-87CD-4650AD8A92EF}.Debug|Any CPU.ActiveCfg = Debug|Any CPU
		{F1563519-3795-492F-87CD-4650AD8A92EF}.Debug|Any CPU.Build.0 = Debug|Any CPU
		{F1563519-3795-492F-87CD-4650AD8A92EF}.Release|Any CPU.ActiveCfg = Release|Any CPU
		{F1563519-3795-492F-87CD-4650AD8A92EF}.Release|Any CPU.Build.0 = Release|Any CPU
	EndGlobalSection
	GlobalSection(SolutionProperties) = preSolution
		HideSolutionNode = FALSE
	EndGlobalSection
EndGlobal
