
Microsoft Visual Studio Solution File, Format Version 11.00
# Visual Studio 2010
Project("{FAE04EC0-301F-11D3-BF4B-00C04F79EFBC}") = "CA_PZ_6_1", "CA_PZ_6_1\CA_PZ_6_1.csproj", "{42528FB8-6060-4C14-A397-86C1A9D3F2DA}"
EndProject
Global
	GlobalSection(TestCaseManagementSettings) = postSolution
		CategoryFile = CA_PZ_6_1.vsmdi
	EndGlobalSection
	GlobalSection(SolutionConfigurationPlatforms) = preSolution
		Debug|Any CPU = Debug|Any CPU
		Debug|Mixed Platforms = Debug|Mixed Platforms
		Debug|x86 = Debug|x86
		Release|Any CPU = Release|Any CPU
		Release|Mixed Platforms = Release|Mixed Platforms
		Release|x86 = Release|x86
	EndGlobalSection
	GlobalSection(ProjectConfigurationPlatforms) = postSolution
		{42528FB8-6060-4C14-A397-86C1A9D3F2DA}.Debug|Any CPU.ActiveCfg = Debug|x86
		{42528FB8-6060-4C14-A397-86C1A9D3F2DA}.Debug|Mixed Platforms.ActiveCfg = Debug|x86
		{42528FB8-6060-4C14-A397-86C1A9D3F2DA}.Debug|Mixed Platforms.Build.0 = Debug|x86
		{42528FB8-6060-4C14-A397-86C1A9D3F2DA}.Debug|x86.ActiveCfg = Debug|x86
		{42528FB8-6060-4C14-A397-86C1A9D3F2DA}.Debug|x86.Build.0 = Debug|x86
		{42528FB8-6060-4C14-A397-86C1A9D3F2DA}.Release|Any CPU.ActiveCfg = Release|x86
		{42528FB8-6060-4C14-A397-86C1A9D3F2DA}.Release|Mixed Platforms.ActiveCfg = Release|x86
		{42528FB8-6060-4C14-A397-86C1A9D3F2DA}.Release|Mixed Platforms.Build.0 = Release|x86
		{42528FB8-6060-4C14-A397-86C1A9D3F2DA}.Release|x86.ActiveCfg = Release|x86
		{42528FB8-6060-4C14-A397-86C1A9D3F2DA}.Release|x86.Build.0 = Release|x86
	EndGlobalSection
	GlobalSection(SolutionProperties) = preSolution
		HideSolutionNode = FALSE
	EndGlobalSection
EndGlobal
