
Microsoft Visual Studio Solution File, Format Version 11.00
# Visual Studio 2010
Project("{FAE04EC0-301F-11D3-BF4B-00C04F79EFBC}") = "CA_LEC_11_1", "CA_LEC_11_1\CA_LEC_11_1.csproj", "{4FFB3FB3-54C2-4C78-A472-69529E533119}"
EndProject
Global
	GlobalSection(SolutionConfigurationPlatforms) = preSolution
		Debug|x86 = Debug|x86
		Release|x86 = Release|x86
	EndGlobalSection
	GlobalSection(ProjectConfigurationPlatforms) = postSolution
		{4FFB3FB3-54C2-4C78-A472-69529E533119}.Debug|x86.ActiveCfg = Debug|x86
		{4FFB3FB3-54C2-4C78-A472-69529E533119}.Debug|x86.Build.0 = Debug|x86
		{4FFB3FB3-54C2-4C78-A472-69529E533119}.Release|x86.ActiveCfg = Release|x86
		{4FFB3FB3-54C2-4C78-A472-69529E533119}.Release|x86.Build.0 = Release|x86
	EndGlobalSection
	GlobalSection(SolutionProperties) = preSolution
		HideSolutionNode = FALSE
	EndGlobalSection
EndGlobal
