
Microsoft Visual Studio Solution File, Format Version 10.00
# Visual Studio 2008
Project("{FAE04EC0-301F-11D3-BF4B-00C04F79EFBC}") = "KONT_2", "KONT_2\KONT_2.csproj", "{8625C250-E651-48FB-8926-1A448F15DA72}"
EndProject
Global
	GlobalSection(SolutionConfigurationPlatforms) = preSolution
		Debug|Any CPU = Debug|Any CPU
		Release|Any CPU = Release|Any CPU
	EndGlobalSection
	GlobalSection(ProjectConfigurationPlatforms) = postSolution
		{8625C250-E651-48FB-8926-1A448F15DA72}.Debug|Any CPU.ActiveCfg = Debug|Any CPU
		{8625C250-E651-48FB-8926-1A448F15DA72}.Debug|Any CPU.Build.0 = Debug|Any CPU
		{8625C250-E651-48FB-8926-1A448F15DA72}.Release|Any CPU.ActiveCfg = Release|Any CPU
		{8625C250-E651-48FB-8926-1A448F15DA72}.Release|Any CPU.Build.0 = Release|Any CPU
	EndGlobalSection
	GlobalSection(SolutionProperties) = preSolution
		HideSolutionNode = FALSE
	EndGlobalSection
EndGlobal
